
Microsoft Visual Studio Solution File, Format Version 12.00
# Visual Studio Version 16
VisualStudioVersion = 16.0.29519.87
MinimumVisualStudioVersion = 10.0.40219.1
Project("{FAE04EC0-301F-11D3-BF4B-00C04F79EFBC}") = "IssueTracker", "IssueTracker\IssueTracker.csproj", "{51B842F0-4C19-4BEF-882D-48D93E26B05F}"
EndProject
Project("{FAE04EC0-301F-11D3-BF4B-00C04F79EFBC}") = "ServiceModel", "ServiceModel\ServiceModel.csproj", "{DBA37B50-8D41-49B2-9AAF-1F1D39132AFA}"
EndProject
Project("{FAE04EC0-301F-11D3-BF4B-00C04F79EFBC}") = "BussinessLogic", "BussinessLogic\BussinessLogic.csproj", "{A8C841D0-E15E-4C1D-8884-6A167501585E}"
EndProject
Global
	GlobalSection(SolutionConfigurationPlatforms) = preSolution
		Debug|Any CPU = Debug|Any CPU
		Release|Any CPU = Release|Any CPU
	EndGlobalSection
	GlobalSection(ProjectConfigurationPlatforms) = postSolution
		{51B842F0-4C19-4BEF-882D-48D93E26B05F}.Debug|Any CPU.ActiveCfg = Debug|Any CPU
		{51B842F0-4C19-4BEF-882D-48D93E26B05F}.Debug|Any CPU.Build.0 = Debug|Any CPU
		{51B842F0-4C19-4BEF-882D-48D93E26B05F}.Release|Any CPU.ActiveCfg = Release|Any CPU
		{51B842F0-4C19-4BEF-882D-48D93E26B05F}.Release|Any CPU.Build.0 = Release|Any CPU
		{DBA37B50-8D41-49B2-9AAF-1F1D39132AFA}.Debug|Any CPU.ActiveCfg = Debug|Any CPU
		{DBA37B50-8D41-49B2-9AAF-1F1D39132AFA}.Debug|Any CPU.Build.0 = Debug|Any CPU
		{DBA37B50-8D41-49B2-9AAF-1F1D39132AFA}.Release|Any CPU.ActiveCfg = Release|Any CPU
		{DBA37B50-8D41-49B2-9AAF-1F1D39132AFA}.Release|Any CPU.Build.0 = Release|Any CPU
		{FCF18120-94FA-4C0B-A68B-77C52F81D246}.Debug|Any CPU.ActiveCfg = Debug|Any CPU
		{FCF18120-94FA-4C0B-A68B-77C52F81D246}.Debug|Any CPU.Build.0 = Debug|Any CPU
		{FCF18120-94FA-4C0B-A68B-77C52F81D246}.Release|Any CPU.ActiveCfg = Release|Any CPU
		{FCF18120-94FA-4C0B-A68B-77C52F81D246}.Release|Any CPU.Build.0 = Release|Any CPU
		{A8C841D0-E15E-4C1D-8884-6A167501585E}.Debug|Any CPU.ActiveCfg = Debug|Any CPU
		{A8C841D0-E15E-4C1D-8884-6A167501585E}.Debug|Any CPU.Build.0 = Debug|Any CPU
		{A8C841D0-E15E-4C1D-8884-6A167501585E}.Release|Any CPU.ActiveCfg = Release|Any CPU
		{A8C841D0-E15E-4C1D-8884-6A167501585E}.Release|Any CPU.Build.0 = Release|Any CPU
	EndGlobalSection
	GlobalSection(SolutionProperties) = preSolution
		HideSolutionNode = FALSE
	EndGlobalSection
	GlobalSection(ExtensibilityGlobals) = postSolution
		SolutionGuid = {91CAD584-E947-4029-A93A-148F8A6973EE}
	EndGlobalSection
EndGlobal
