Microsoft Visual Studio Solution File, Format Version 12.00
# Visual Studio Version 16
VisualStudioVersion = 16.0.29519.87
MinimumVisualStudioVersion = 10.0.40219.1
Project("{9A19103F-16F7-4668-BE54-9A1E7A4F7556}") = "IssueTracker", "IssueTracker\IssueTracker.csproj", "{51B842F0-4C19-4BEF-882D-48D93E26B05F}"
EndProject
Project("{9A19103F-16F7-4668-BE54-9A1E7A4F7556}") = "ServiceModel", "ServiceModel\ServiceModel.csproj", "{DBA37B50-8D41-49B2-9AAF-1F1D39132AFA}"
EndProject
Project("{9A19103F-16F7-4668-BE54-9A1E7A4F7556}") = "BussinessLogic", "BussinessLogic\BussinessLogic.csproj", "{A8C841D0-E15E-4C1D-8884-6A167501585E}"
EndProject
Project("{9A19103F-16F7-4668-BE54-9A1E7A4F7556}") = "DataAccess", "DataAccess\DataAccess.csproj", "{03AA825F-D77A-4ED8-998E-1FBA26632E4B}"
EndProject
Project("{9A19103F-16F7-4668-BE54-9A1E7A4F7556}") = "UnitTest", "UnitTest\UnitTest.csproj", "{D110D532-C653-4AB9-955B-D2304C8F6E98}"
EndProject
Project("{9A19103F-16F7-4668-BE54-9A1E7A4F7556}") = "ITManagementAPI", "ITManagementAPI\ITManagementAPI.csproj", "{AA7952AA-3480-459E-872C-9636AF1A9A2E}"
EndProject
Global
	GlobalSection(SolutionConfigurationPlatforms) = preSolution
		Debug|Any CPU = Debug|Any CPU
		Release|Any CPU = Release|Any CPU
	EndGlobalSection
	GlobalSection(ProjectConfigurationPlatforms) = postSolution
		{51B842F0-4C19-4BEF-882D-48D93E26B05F}.Debug|Any CPU.ActiveCfg = Debug|Any CPU
		{51B842F0-4C19-4BEF-882D-48D93E26B05F}.Debug|Any CPU.Build.0 = Debug|Any CPU
		{51B842F0-4C19-4BEF-882D-48D93E26B05F}.Release|Any CPU.ActiveCfg = Release|Any CPU
		{51B842F0-4C19-4BEF-882D-48D93E26B05F}.Release|Any CPU.Build.0 = Release|Any CPU
		{DBA37B50-8D41-49B2-9AAF-1F1D39132AFA}.Debug|Any CPU.ActiveCfg = Debug|Any CPU
		{DBA37B50-8D41-49B2-9AAF-1F1D39132AFA}.Debug|Any CPU.Build.0 = Debug|Any CPU
		{DBA37B50-8D41-49B2-9AAF-1F1D39132AFA}.Release|Any CPU.ActiveCfg = Release|Any CPU
		{DBA37B50-8D41-49B2-9AAF-1F1D39132AFA}.Release|Any CPU.Build.0 = Release|Any CPU
		{A8C841D0-E15E-4C1D-8884-6A167501585E}.Debug|Any CPU.ActiveCfg = Debug|Any CPU
		{A8C841D0-E15E-4C1D-8884-6A167501585E}.Debug|Any CPU.Build.0 = Debug|Any CPU
		{A8C841D0-E15E-4C1D-8884-6A167501585E}.Release|Any CPU.ActiveCfg = Release|Any CPU
		{A8C841D0-E15E-4C1D-8884-6A167501585E}.Release|Any CPU.Build.0 = Release|Any CPU
		{03AA825F-D77A-4ED8-998E-1FBA26632E4B}.Debug|Any CPU.ActiveCfg = Debug|Any CPU
		{03AA825F-D77A-4ED8-998E-1FBA26632E4B}.Debug|Any CPU.Build.0 = Debug|Any CPU
		{03AA825F-D77A-4ED8-998E-1FBA26632E4B}.Release|Any CPU.ActiveCfg = Release|Any CPU
		{03AA825F-D77A-4ED8-998E-1FBA26632E4B}.Release|Any CPU.Build.0 = Release|Any CPU
		{D110D532-C653-4AB9-955B-D2304C8F6E98}.Debug|Any CPU.ActiveCfg = Debug|Any CPU
		{D110D532-C653-4AB9-955B-D2304C8F6E98}.Debug|Any CPU.Build.0 = Debug|Any CPU
		{D110D532-C653-4AB9-955B-D2304C8F6E98}.Release|Any CPU.ActiveCfg = Release|Any CPU
		{D110D532-C653-4AB9-955B-D2304C8F6E98}.Release|Any CPU.Build.0 = Release|Any CPU
		{AA7952AA-3480-459E-872C-9636AF1A9A2E}.Debug|Any CPU.ActiveCfg = Debug|Any CPU
		{AA7952AA-3480-459E-872C-9636AF1A9A2E}.Debug|Any CPU.Build.0 = Debug|Any CPU
		{AA7952AA-3480-459E-872C-9636AF1A9A2E}.Release|Any CPU.ActiveCfg = Release|Any CPU
		{AA7952AA-3480-459E-872C-9636AF1A9A2E}.Release|Any CPU.Build.0 = Release|Any CPU
	EndGlobalSection
	GlobalSection(SolutionProperties) = preSolution
		HideSolutionNode = FALSE
	EndGlobalSection
	GlobalSection(ExtensibilityGlobals) = postSolution
		SolutionGuid = {91CAD584-E947-4029-A93A-148F8A6973EE}
	EndGlobalSection
EndGlobal
